// !$*UTF8*$!
{
	archiveVersion = 1;
	classes = {
	};
	objectVersion = 46;
	objects = {

/* Begin PBXBuildFile section */
		522159021A950222008E539B /* Analytics in Frameworks */ = {isa = PBXBuildFile; fileRef = 526A9C991A95016B0074F684 /* Analytics */; };
		B31B6D5215C13D5200854074 /* Foundation.framework in Frameworks */ = {isa = PBXBuildFile; fileRef = B31B6D5115C13D5200854074 /* Foundation.framework */; };
		B31B6D6F15C1467100854074 /* CoreFoundation.framework in Frameworks */ = {isa = PBXBuildFile; fileRef = B31B6D6E15C1467100854074 /* CoreFoundation.framework */; };
		B37C3A5D162717A200B50A60 /* ForgeCore.framework in Frameworks */ = {isa = PBXBuildFile; fileRef = B37C3A5C162717A200B50A60 /* ForgeCore.framework */; };
		B3CC61F21716ECB500A1A8EF /* segmentio_API.m in Sources */ = {isa = PBXBuildFile; fileRef = B3CC61F01716ECB500A1A8EF /* segmentio_API.m */; };
		B3CC61F41716ECBB00A1A8EF /* segmentio_EventListener.m in Sources */ = {isa = PBXBuildFile; fileRef = B3CC61F31716ECBB00A1A8EF /* segmentio_EventListener.m */; };
		B3FC51F815C151E5003574D9 /* UIKit.framework in Frameworks */ = {isa = PBXBuildFile; fileRef = B3FC51F715C151E5003574D9 /* UIKit.framework */; };
		B3FC51FF15C1523D003574D9 /* CoreGraphics.framework in Frameworks */ = {isa = PBXBuildFile; fileRef = B3FC51FE15C1523D003574D9 /* CoreGraphics.framework */; };
		B3FC524215C177EA003574D9 /* AssetsLibrary.framework in Frameworks */ = {isa = PBXBuildFile; fileRef = B3FC524115C177EA003574D9 /* AssetsLibrary.framework */; };
		B3FC524815C17B2C003574D9 /* SystemConfiguration.framework in Frameworks */ = {isa = PBXBuildFile; fileRef = B3FC524715C17B2C003574D9 /* SystemConfiguration.framework */; };
/* End PBXBuildFile section */

/* Begin PBXFileReference section */
		526A9C091A95014F0074F684 /* _MPTweakBindObserver.h */ = {isa = PBXFileReference; fileEncoding = 4; lastKnownFileType = sourcecode.c.h; path = _MPTweakBindObserver.h; sourceTree = "<group>"; };
		526A9C0A1A95014F0074F684 /* AMPARCMacros.h */ = {isa = PBXFileReference; fileEncoding = 4; lastKnownFileType = sourcecode.c.h; path = AMPARCMacros.h; sourceTree = "<group>"; };
		526A9C0B1A95014F0074F684 /* AMPConstants.h */ = {isa = PBXFileReference; fileEncoding = 4; lastKnownFileType = sourcecode.c.h; path = AMPConstants.h; sourceTree = "<group>"; };
		526A9C0C1A95014F0074F684 /* AMPDeviceInfo.h */ = {isa = PBXFileReference; fileEncoding = 4; lastKnownFileType = sourcecode.c.h; path = AMPDeviceInfo.h; sourceTree = "<group>"; };
		526A9C0D1A95014F0074F684 /* Amplitude.h */ = {isa = PBXFileReference; fileEncoding = 4; lastKnownFileType = sourcecode.c.h; path = Amplitude.h; sourceTree = "<group>"; };
		526A9C0E1A95014F0074F684 /* AmplitudeARCMacros.h */ = {isa = PBXFileReference; fileEncoding = 4; lastKnownFileType = sourcecode.c.h; path = AmplitudeARCMacros.h; sourceTree = "<group>"; };
		526A9C0F1A95014F0074F684 /* AmplitudeLocationManagerDelegate.h */ = {isa = PBXFileReference; fileEncoding = 4; lastKnownFileType = sourcecode.c.h; path = AmplitudeLocationManagerDelegate.h; sourceTree = "<group>"; };
		526A9C101A95014F0074F684 /* AMPLocationManagerDelegate.h */ = {isa = PBXFileReference; fileEncoding = 4; lastKnownFileType = sourcecode.c.h; path = AMPLocationManagerDelegate.h; sourceTree = "<group>"; };
		526A9C111A95014F0074F684 /* Analytics.h */ = {isa = PBXFileReference; fileEncoding = 4; lastKnownFileType = sourcecode.c.h; path = Analytics.h; sourceTree = "<group>"; };
		526A9C121A95014F0074F684 /* AppsFlyerTracker.h */ = {isa = PBXFileReference; fileEncoding = 4; lastKnownFileType = sourcecode.c.h; path = AppsFlyerTracker.h; sourceTree = "<group>"; };
		526A9C131A95014F0074F684 /* Bugsnag.h */ = {isa = PBXFileReference; fileEncoding = 4; lastKnownFileType = sourcecode.c.h; path = Bugsnag.h; sourceTree = "<group>"; };
		526A9C141A95014F0074F684 /* BugsnagConfiguration.h */ = {isa = PBXFileReference; fileEncoding = 4; lastKnownFileType = sourcecode.c.h; path = BugsnagConfiguration.h; sourceTree = "<group>"; };
		526A9C151A95014F0074F684 /* BugsnagCrashReport.h */ = {isa = PBXFileReference; fileEncoding = 4; lastKnownFileType = sourcecode.c.h; path = BugsnagCrashReport.h; sourceTree = "<group>"; };
		526A9C161A95014F0074F684 /* BugsnagDictionary.h */ = {isa = PBXFileReference; fileEncoding = 4; lastKnownFileType = sourcecode.c.h; path = BugsnagDictionary.h; sourceTree = "<group>"; };
		526A9C171A95014F0074F684 /* BugsnagEvent.h */ = {isa = PBXFileReference; fileEncoding = 4; lastKnownFileType = sourcecode.c.h; path = BugsnagEvent.h; sourceTree = "<group>"; };
		526A9C181A95014F0074F684 /* BugsnagIosNotifier.h */ = {isa = PBXFileReference; fileEncoding = 4; lastKnownFileType = sourcecode.c.h; path = BugsnagIosNotifier.h; sourceTree = "<group>"; };
		526A9C191A95014F0074F684 /* BugsnagLogger.h */ = {isa = PBXFileReference; fileEncoding = 4; lastKnownFileType = sourcecode.c.h; path = BugsnagLogger.h; sourceTree = "<group>"; };
		526A9C1A1A95014F0074F684 /* BugsnagMetaData.h */ = {isa = PBXFileReference; fileEncoding = 4; lastKnownFileType = sourcecode.c.h; path = BugsnagMetaData.h; sourceTree = "<group>"; };
		526A9C1B1A95014F0074F684 /* BugsnagNotifier.h */ = {isa = PBXFileReference; fileEncoding = 4; lastKnownFileType = sourcecode.c.h; path = BugsnagNotifier.h; sourceTree = "<group>"; };
		526A9C1C1A95014F0074F684 /* BugsnagOSXNotifier.h */ = {isa = PBXFileReference; fileEncoding = 4; lastKnownFileType = sourcecode.c.h; path = BugsnagOSXNotifier.h; sourceTree = "<group>"; };
		526A9C1D1A95014F0074F684 /* BugsnagReachability.h */ = {isa = PBXFileReference; fileEncoding = 4; lastKnownFileType = sourcecode.c.h; path = BugsnagReachability.h; sourceTree = "<group>"; };
		526A9C1E1A95014F0074F684 /* BugsnagSink.h */ = {isa = PBXFileReference; fileEncoding = 4; lastKnownFileType = sourcecode.c.h; path = BugsnagSink.h; sourceTree = "<group>"; };
		526A9C1F1A95014F0074F684 /* Countly.h */ = {isa = PBXFileReference; fileEncoding = 4; lastKnownFileType = sourcecode.c.h; path = Countly.h; sourceTree = "<group>"; };
		526A9C201A95014F0074F684 /* Countly_OpenUDID.h */ = {isa = PBXFileReference; fileEncoding = 4; lastKnownFileType = sourcecode.c.h; path = Countly_OpenUDID.h; sourceTree = "<group>"; };
		526A9C211A95014F0074F684 /* CRFilter.h */ = {isa = PBXFileReference; fileEncoding = 4; lastKnownFileType = sourcecode.c.h; path = CRFilter.h; sourceTree = "<group>"; };
		526A9C221A95014F0074F684 /* Crittercism.h */ = {isa = PBXFileReference; fileEncoding = 4; lastKnownFileType = sourcecode.c.h; path = Crittercism.h; sourceTree = "<group>"; };
		526A9C231A95014F0074F684 /* CrittercismDelegate.h */ = {isa = PBXFileReference; fileEncoding = 4; lastKnownFileType = sourcecode.c.h; path = CrittercismDelegate.h; sourceTree = "<group>"; };
		526A9C241A95014F0074F684 /* Flurry.h */ = {isa = PBXFileReference; fileEncoding = 4; lastKnownFileType = sourcecode.c.h; path = Flurry.h; sourceTree = "<group>"; };
		526A9C251A95014F0074F684 /* GAI.h */ = {isa = PBXFileReference; fileEncoding = 4; lastKnownFileType = sourcecode.c.h; path = GAI.h; sourceTree = "<group>"; };
		526A9C261A95014F0074F684 /* GAIDictionaryBuilder.h */ = {isa = PBXFileReference; fileEncoding = 4; lastKnownFileType = sourcecode.c.h; path = GAIDictionaryBuilder.h; sourceTree = "<group>"; };
		526A9C271A95014F0074F684 /* GAIEcommerceFields.h */ = {isa = PBXFileReference; fileEncoding = 4; lastKnownFileType = sourcecode.c.h; path = GAIEcommerceFields.h; sourceTree = "<group>"; };
		526A9C281A95014F0074F684 /* GAIEcommerceProduct.h */ = {isa = PBXFileReference; fileEncoding = 4; lastKnownFileType = sourcecode.c.h; path = GAIEcommerceProduct.h; sourceTree = "<group>"; };
		526A9C291A95014F0074F684 /* GAIEcommerceProductAction.h */ = {isa = PBXFileReference; fileEncoding = 4; lastKnownFileType = sourcecode.c.h; path = GAIEcommerceProductAction.h; sourceTree = "<group>"; };
		526A9C2A1A95014F0074F684 /* GAIEcommercePromotion.h */ = {isa = PBXFileReference; fileEncoding = 4; lastKnownFileType = sourcecode.c.h; path = GAIEcommercePromotion.h; sourceTree = "<group>"; };
		526A9C2B1A95014F0074F684 /* GAIFields.h */ = {isa = PBXFileReference; fileEncoding = 4; lastKnownFileType = sourcecode.c.h; path = GAIFields.h; sourceTree = "<group>"; };
		526A9C2C1A95014F0074F684 /* GAILogger.h */ = {isa = PBXFileReference; fileEncoding = 4; lastKnownFileType = sourcecode.c.h; path = GAILogger.h; sourceTree = "<group>"; };
		526A9C2D1A95014F0074F684 /* GAITrackedViewController.h */ = {isa = PBXFileReference; fileEncoding = 4; lastKnownFileType = sourcecode.c.h; path = GAITrackedViewController.h; sourceTree = "<group>"; };
		526A9C2E1A95014F0074F684 /* GAITracker.h */ = {isa = PBXFileReference; fileEncoding = 4; lastKnownFileType = sourcecode.c.h; path = GAITracker.h; sourceTree = "<group>"; };
		526A9C2F1A95014F0074F684 /* KahunaAnalytics.h */ = {isa = PBXFileReference; fileEncoding = 4; lastKnownFileType = sourcecode.c.h; path = KahunaAnalytics.h; sourceTree = "<group>"; };
		526A9C301A95014F0074F684 /* Localytics.h */ = {isa = PBXFileReference; fileEncoding = 4; lastKnownFileType = sourcecode.c.h; path = Localytics.h; sourceTree = "<group>"; };
		526A9C311A95014F0074F684 /* LocalyticsAmpSession.h */ = {isa = PBXFileReference; fileEncoding = 4; lastKnownFileType = sourcecode.c.h; path = LocalyticsAmpSession.h; sourceTree = "<group>"; };
		526A9C321A95014F0074F684 /* LocalyticsSession.h */ = {isa = PBXFileReference; fileEncoding = 4; lastKnownFileType = sourcecode.c.h; path = LocalyticsSession.h; sourceTree = "<group>"; };
		526A9C331A95014F0074F684 /* Mixpanel.h */ = {isa = PBXFileReference; fileEncoding = 4; lastKnownFileType = sourcecode.c.h; path = Mixpanel.h; sourceTree = "<group>"; };
		526A9C341A95014F0074F684 /* MPAbstractABTestDesignerMessage.h */ = {isa = PBXFileReference; fileEncoding = 4; lastKnownFileType = sourcecode.c.h; path = MPAbstractABTestDesignerMessage.h; sourceTree = "<group>"; };
		526A9C351A95014F0074F684 /* MPABTestDesignerChangeRequestMessage.h */ = {isa = PBXFileReference; fileEncoding = 4; lastKnownFileType = sourcecode.c.h; path = MPABTestDesignerChangeRequestMessage.h; sourceTree = "<group>"; };
		526A9C361A95014F0074F684 /* MPABTestDesignerChangeResponseMessage.h */ = {isa = PBXFileReference; fileEncoding = 4; lastKnownFileType = sourcecode.c.h; path = MPABTestDesignerChangeResponseMessage.h; sourceTree = "<group>"; };
		526A9C371A95014F0074F684 /* MPABTestDesignerClearRequestMessage.h */ = {isa = PBXFileReference; fileEncoding = 4; lastKnownFileType = sourcecode.c.h; path = MPABTestDesignerClearRequestMessage.h; sourceTree = "<group>"; };
		526A9C381A95014F0074F684 /* MPABTestDesignerClearResponseMessage.h */ = {isa = PBXFileReference; fileEncoding = 4; lastKnownFileType = sourcecode.c.h; path = MPABTestDesignerClearResponseMessage.h; sourceTree = "<group>"; };
		526A9C391A95014F0074F684 /* MPABTestDesignerConnection.h */ = {isa = PBXFileReference; fileEncoding = 4; lastKnownFileType = sourcecode.c.h; path = MPABTestDesignerConnection.h; sourceTree = "<group>"; };
		526A9C3A1A95014F0074F684 /* MPABTestDesignerDeviceInfoRequestMessage.h */ = {isa = PBXFileReference; fileEncoding = 4; lastKnownFileType = sourcecode.c.h; path = MPABTestDesignerDeviceInfoRequestMessage.h; sourceTree = "<group>"; };
		526A9C3B1A95014F0074F684 /* MPABTestDesignerDeviceInfoResponseMessage.h */ = {isa = PBXFileReference; fileEncoding = 4; lastKnownFileType = sourcecode.c.h; path = MPABTestDesignerDeviceInfoResponseMessage.h; sourceTree = "<group>"; };
		526A9C3C1A95014F0074F684 /* MPABTestDesignerDisconnectMessage.h */ = {isa = PBXFileReference; fileEncoding = 4; lastKnownFileType = sourcecode.c.h; path = MPABTestDesignerDisconnectMessage.h; sourceTree = "<group>"; };
		526A9C3D1A95014F0074F684 /* MPABTestDesignerMessage.h */ = {isa = PBXFileReference; fileEncoding = 4; lastKnownFileType = sourcecode.c.h; path = MPABTestDesignerMessage.h; sourceTree = "<group>"; };
		526A9C3E1A95014F0074F684 /* MPABTestDesignerSnapshotRequestMessage.h */ = {isa = PBXFileReference; fileEncoding = 4; lastKnownFileType = sourcecode.c.h; path = MPABTestDesignerSnapshotRequestMessage.h; sourceTree = "<group>"; };
		526A9C3F1A95014F0074F684 /* MPABTestDesignerSnapshotResponseMessage.h */ = {isa = PBXFileReference; fileEncoding = 4; lastKnownFileType = sourcecode.c.h; path = MPABTestDesignerSnapshotResponseMessage.h; sourceTree = "<group>"; };
		526A9C401A95014F0074F684 /* MPABTestDesignerTweakRequestMessage.h */ = {isa = PBXFileReference; fileEncoding = 4; lastKnownFileType = sourcecode.c.h; path = MPABTestDesignerTweakRequestMessage.h; sourceTree = "<group>"; };
		526A9C411A95014F0074F684 /* MPABTestDesignerTweakResponseMessage.h */ = {isa = PBXFileReference; fileEncoding = 4; lastKnownFileType = sourcecode.c.h; path = MPABTestDesignerTweakResponseMessage.h; sourceTree = "<group>"; };
		526A9C421A95014F0074F684 /* MPApplicationStateSerializer.h */ = {isa = PBXFileReference; fileEncoding = 4; lastKnownFileType = sourcecode.c.h; path = MPApplicationStateSerializer.h; sourceTree = "<group>"; };
		526A9C431A95014F0074F684 /* MPCategoryHelpers.h */ = {isa = PBXFileReference; fileEncoding = 4; lastKnownFileType = sourcecode.c.h; path = MPCategoryHelpers.h; sourceTree = "<group>"; };
		526A9C441A95014F0074F684 /* MPClassDescription.h */ = {isa = PBXFileReference; fileEncoding = 4; lastKnownFileType = sourcecode.c.h; path = MPClassDescription.h; sourceTree = "<group>"; };
		526A9C451A95014F0074F684 /* MPDesignerEventBindingMessage.h */ = {isa = PBXFileReference; fileEncoding = 4; lastKnownFileType = sourcecode.c.h; path = MPDesignerEventBindingMessage.h; sourceTree = "<group>"; };
		526A9C461A95014F0074F684 /* MPDesignerSessionCollection.h */ = {isa = PBXFileReference; fileEncoding = 4; lastKnownFileType = sourcecode.c.h; path = MPDesignerSessionCollection.h; sourceTree = "<group>"; };
		526A9C471A95014F0074F684 /* MPEnumDescription.h */ = {isa = PBXFileReference; fileEncoding = 4; lastKnownFileType = sourcecode.c.h; path = MPEnumDescription.h; sourceTree = "<group>"; };
		526A9C481A95014F0074F684 /* MPEventBinding.h */ = {isa = PBXFileReference; fileEncoding = 4; lastKnownFileType = sourcecode.c.h; path = MPEventBinding.h; sourceTree = "<group>"; };
		526A9C491A95014F0074F684 /* MPLogging.h */ = {isa = PBXFileReference; fileEncoding = 4; lastKnownFileType = sourcecode.c.h; path = MPLogging.h; sourceTree = "<group>"; };
		526A9C4A1A95014F0074F684 /* MPNotification.h */ = {isa = PBXFileReference; fileEncoding = 4; lastKnownFileType = sourcecode.c.h; path = MPNotification.h; sourceTree = "<group>"; };
		526A9C4B1A95014F0074F684 /* MPNotificationViewController.h */ = {isa = PBXFileReference; fileEncoding = 4; lastKnownFileType = sourcecode.c.h; path = MPNotificationViewController.h; sourceTree = "<group>"; };
		526A9C4C1A95014F0074F684 /* MPObjectIdentifierProvider.h */ = {isa = PBXFileReference; fileEncoding = 4; lastKnownFileType = sourcecode.c.h; path = MPObjectIdentifierProvider.h; sourceTree = "<group>"; };
		526A9C4D1A95014F0074F684 /* MPObjectIdentityProvider.h */ = {isa = PBXFileReference; fileEncoding = 4; lastKnownFileType = sourcecode.c.h; path = MPObjectIdentityProvider.h; sourceTree = "<group>"; };
		526A9C4E1A95014F0074F684 /* MPObjectSelector.h */ = {isa = PBXFileReference; fileEncoding = 4; lastKnownFileType = sourcecode.c.h; path = MPObjectSelector.h; sourceTree = "<group>"; };
		526A9C4F1A95014F0074F684 /* MPObjectSerializer.h */ = {isa = PBXFileReference; fileEncoding = 4; lastKnownFileType = sourcecode.c.h; path = MPObjectSerializer.h; sourceTree = "<group>"; };
		526A9C501A95014F0074F684 /* MPObjectSerializerConfig.h */ = {isa = PBXFileReference; fileEncoding = 4; lastKnownFileType = sourcecode.c.h; path = MPObjectSerializerConfig.h; sourceTree = "<group>"; };
		526A9C511A95014F0074F684 /* MPObjectSerializerContext.h */ = {isa = PBXFileReference; fileEncoding = 4; lastKnownFileType = sourcecode.c.h; path = MPObjectSerializerContext.h; sourceTree = "<group>"; };
		526A9C521A95014F0074F684 /* MPPropertyDescription.h */ = {isa = PBXFileReference; fileEncoding = 4; lastKnownFileType = sourcecode.c.h; path = MPPropertyDescription.h; sourceTree = "<group>"; };
		526A9C531A95014F0074F684 /* MPSequenceGenerator.h */ = {isa = PBXFileReference; fileEncoding = 4; lastKnownFileType = sourcecode.c.h; path = MPSequenceGenerator.h; sourceTree = "<group>"; };
		526A9C541A95014F0074F684 /* MPSurvey.h */ = {isa = PBXFileReference; fileEncoding = 4; lastKnownFileType = sourcecode.c.h; path = MPSurvey.h; sourceTree = "<group>"; };
		526A9C551A95014F0074F684 /* MPSurveyNavigationController.h */ = {isa = PBXFileReference; fileEncoding = 4; lastKnownFileType = sourcecode.c.h; path = MPSurveyNavigationController.h; sourceTree = "<group>"; };
		526A9C561A95014F0074F684 /* MPSurveyQuestion.h */ = {isa = PBXFileReference; fileEncoding = 4; lastKnownFileType = sourcecode.c.h; path = MPSurveyQuestion.h; sourceTree = "<group>"; };
		526A9C571A95014F0074F684 /* MPSurveyQuestionViewController.h */ = {isa = PBXFileReference; fileEncoding = 4; lastKnownFileType = sourcecode.c.h; path = MPSurveyQuestionViewController.h; sourceTree = "<group>"; };
		526A9C581A95014F0074F684 /* MPSwizzler.h */ = {isa = PBXFileReference; fileEncoding = 4; lastKnownFileType = sourcecode.c.h; path = MPSwizzler.h; sourceTree = "<group>"; };
		526A9C591A95014F0074F684 /* MPTweak.h */ = {isa = PBXFileReference; fileEncoding = 4; lastKnownFileType = sourcecode.c.h; path = MPTweak.h; sourceTree = "<group>"; };
		526A9C5A1A95014F0074F684 /* MPTweakInline.h */ = {isa = PBXFileReference; fileEncoding = 4; lastKnownFileType = sourcecode.c.h; path = MPTweakInline.h; sourceTree = "<group>"; };
		526A9C5B1A95014F0074F684 /* MPTweakInlineInternal.h */ = {isa = PBXFileReference; fileEncoding = 4; lastKnownFileType = sourcecode.c.h; path = MPTweakInlineInternal.h; sourceTree = "<group>"; };
		526A9C5C1A95014F0074F684 /* MPTweakStore.h */ = {isa = PBXFileReference; fileEncoding = 4; lastKnownFileType = sourcecode.c.h; path = MPTweakStore.h; sourceTree = "<group>"; };
		526A9C5D1A95014F0074F684 /* MPTypeDescription.h */ = {isa = PBXFileReference; fileEncoding = 4; lastKnownFileType = sourcecode.c.h; path = MPTypeDescription.h; sourceTree = "<group>"; };
		526A9C5E1A95014F0074F684 /* MPUIControlBinding.h */ = {isa = PBXFileReference; fileEncoding = 4; lastKnownFileType = sourcecode.c.h; path = MPUIControlBinding.h; sourceTree = "<group>"; };
		526A9C5F1A95014F0074F684 /* MPUITableViewBinding.h */ = {isa = PBXFileReference; fileEncoding = 4; lastKnownFileType = sourcecode.c.h; path = MPUITableViewBinding.h; sourceTree = "<group>"; };
		526A9C601A95014F0074F684 /* MPValueTransformers.h */ = {isa = PBXFileReference; fileEncoding = 4; lastKnownFileType = sourcecode.c.h; path = MPValueTransformers.h; sourceTree = "<group>"; };
		526A9C611A95014F0074F684 /* MPVariant.h */ = {isa = PBXFileReference; fileEncoding = 4; lastKnownFileType = sourcecode.c.h; path = MPVariant.h; sourceTree = "<group>"; };
		526A9C621A95014F0074F684 /* MPWebSocket.h */ = {isa = PBXFileReference; fileEncoding = 4; lastKnownFileType = sourcecode.c.h; path = MPWebSocket.h; sourceTree = "<group>"; };
		526A9C631A95014F0074F684 /* NSData+MPBase64.h */ = {isa = PBXFileReference; fileEncoding = 4; lastKnownFileType = sourcecode.c.h; path = "NSData+MPBase64.h"; sourceTree = "<group>"; };
		526A9C641A95014F0074F684 /* NSInvocation+MPHelpers.h */ = {isa = PBXFileReference; fileEncoding = 4; lastKnownFileType = sourcecode.c.h; path = "NSInvocation+MPHelpers.h"; sourceTree = "<group>"; };
		526A9C651A95014F0074F684 /* Optimizely.h */ = {isa = PBXFileReference; fileEncoding = 4; lastKnownFileType = sourcecode.c.h; path = Optimizely.h; sourceTree = "<group>"; };
		526A9C661A95014F0074F684 /* OptimizelyCodeBlocksKey.h */ = {isa = PBXFileReference; fileEncoding = 4; lastKnownFileType = sourcecode.c.h; path = OptimizelyCodeBlocksKey.h; sourceTree = "<group>"; };
		526A9C671A95014F0074F684 /* OptimizelyVariableKey.h */ = {isa = PBXFileReference; fileEncoding = 4; lastKnownFileType = sourcecode.c.h; path = OptimizelyVariableKey.h; sourceTree = "<group>"; };
		526A9C681A95014F0074F684 /* QuantcastDatabase.h */ = {isa = PBXFileReference; fileEncoding = 4; lastKnownFileType = sourcecode.c.h; path = QuantcastDatabase.h; sourceTree = "<group>"; };
		526A9C691A95014F0074F684 /* QuantcastDataManager.h */ = {isa = PBXFileReference; fileEncoding = 4; lastKnownFileType = sourcecode.c.h; path = QuantcastDataManager.h; sourceTree = "<group>"; };
		526A9C6A1A95014F0074F684 /* QuantcastEvent.h */ = {isa = PBXFileReference; fileEncoding = 4; lastKnownFileType = sourcecode.c.h; path = QuantcastEvent.h; sourceTree = "<group>"; };
		526A9C6B1A95014F0074F684 /* QuantcastEventLogger.h */ = {isa = PBXFileReference; fileEncoding = 4; lastKnownFileType = sourcecode.c.h; path = QuantcastEventLogger.h; sourceTree = "<group>"; };
		526A9C6C1A95014F0074F684 /* QuantcastMeasurement+Internal.h */ = {isa = PBXFileReference; fileEncoding = 4; lastKnownFileType = sourcecode.c.h; path = "QuantcastMeasurement+Internal.h"; sourceTree = "<group>"; };
		526A9C6D1A95014F0074F684 /* QuantcastMeasurement.h */ = {isa = PBXFileReference; fileEncoding = 4; lastKnownFileType = sourcecode.c.h; path = QuantcastMeasurement.h; sourceTree = "<group>"; };
		526A9C6E1A95014F0074F684 /* QuantcastNetworkReachability.h */ = {isa = PBXFileReference; fileEncoding = 4; lastKnownFileType = sourcecode.c.h; path = QuantcastNetworkReachability.h; sourceTree = "<group>"; };
		526A9C6F1A95014F0074F684 /* QuantcastOptOutDelegate.h */ = {isa = PBXFileReference; fileEncoding = 4; lastKnownFileType = sourcecode.c.h; path = QuantcastOptOutDelegate.h; sourceTree = "<group>"; };
		526A9C701A95014F0074F684 /* QuantcastOptOutViewController.h */ = {isa = PBXFileReference; fileEncoding = 4; lastKnownFileType = sourcecode.c.h; path = QuantcastOptOutViewController.h; sourceTree = "<group>"; };
		526A9C711A95014F0074F684 /* QuantcastParameters.h */ = {isa = PBXFileReference; fileEncoding = 4; lastKnownFileType = sourcecode.c.h; path = QuantcastParameters.h; sourceTree = "<group>"; };
		526A9C721A95014F0074F684 /* QuantcastPolicy.h */ = {isa = PBXFileReference; fileEncoding = 4; lastKnownFileType = sourcecode.c.h; path = QuantcastPolicy.h; sourceTree = "<group>"; };
		526A9C731A95014F0074F684 /* QuantcastUploadManager.h */ = {isa = PBXFileReference; fileEncoding = 4; lastKnownFileType = sourcecode.c.h; path = QuantcastUploadManager.h; sourceTree = "<group>"; };
		526A9C741A95014F0074F684 /* QuantcastUtils.h */ = {isa = PBXFileReference; fileEncoding = 4; lastKnownFileType = sourcecode.c.h; path = QuantcastUtils.h; sourceTree = "<group>"; };
		526A9C751A95014F0074F684 /* SEGAnalytics.h */ = {isa = PBXFileReference; fileEncoding = 4; lastKnownFileType = sourcecode.c.h; path = SEGAnalytics.h; sourceTree = "<group>"; };
		526A9C761A95014F0074F684 /* TAGContainer.h */ = {isa = PBXFileReference; fileEncoding = 4; lastKnownFileType = sourcecode.c.h; path = TAGContainer.h; sourceTree = "<group>"; };
		526A9C771A95014F0074F684 /* TAGContainerOpener.h */ = {isa = PBXFileReference; fileEncoding = 4; lastKnownFileType = sourcecode.c.h; path = TAGContainerOpener.h; sourceTree = "<group>"; };
		526A9C781A95014F0074F684 /* TAGDataLayer.h */ = {isa = PBXFileReference; fileEncoding = 4; lastKnownFileType = sourcecode.c.h; path = TAGDataLayer.h; sourceTree = "<group>"; };
		526A9C791A95014F0074F684 /* TAGLogger.h */ = {isa = PBXFileReference; fileEncoding = 4; lastKnownFileType = sourcecode.c.h; path = TAGLogger.h; sourceTree = "<group>"; };
		526A9C7A1A95014F0074F684 /* TAGManager.h */ = {isa = PBXFileReference; fileEncoding = 4; lastKnownFileType = sourcecode.c.h; path = TAGManager.h; sourceTree = "<group>"; };
		526A9C7B1A95014F0074F684 /* Taplytics.h */ = {isa = PBXFileReference; fileEncoding = 4; lastKnownFileType = sourcecode.c.h; path = Taplytics.h; sourceTree = "<group>"; };
		526A9C7C1A95014F0074F684 /* TaplyticsOptions.h */ = {isa = PBXFileReference; fileEncoding = 4; lastKnownFileType = sourcecode.c.h; path = TaplyticsOptions.h; sourceTree = "<group>"; };
		526A9C7D1A95014F0074F684 /* TestFlight+AsyncLogging.h */ = {isa = PBXFileReference; fileEncoding = 4; lastKnownFileType = sourcecode.c.h; path = "TestFlight+AsyncLogging.h"; sourceTree = "<group>"; };
		526A9C7E1A95014F0074F684 /* TestFlight+ManualSessions.h */ = {isa = PBXFileReference; fileEncoding = 4; lastKnownFileType = sourcecode.c.h; path = "TestFlight+ManualSessions.h"; sourceTree = "<group>"; };
		526A9C7F1A95014F0074F684 /* TestFlight.h */ = {isa = PBXFileReference; fileEncoding = 4; lastKnownFileType = sourcecode.c.h; path = TestFlight.h; sourceTree = "<group>"; };
		526A9C801A95014F0074F684 /* TSApi.h */ = {isa = PBXFileReference; fileEncoding = 4; lastKnownFileType = sourcecode.c.h; path = TSApi.h; sourceTree = "<group>"; };
		526A9C811A95014F0074F684 /* TSAppEventSource.h */ = {isa = PBXFileReference; fileEncoding = 4; lastKnownFileType = sourcecode.c.h; path = TSAppEventSource.h; sourceTree = "<group>"; };
		526A9C821A95014F0074F684 /* TSAppEventSourceImpl.h */ = {isa = PBXFileReference; fileEncoding = 4; lastKnownFileType = sourcecode.c.h; path = TSAppEventSourceImpl.h; sourceTree = "<group>"; };
		526A9C831A95014F0074F684 /* TSConfig.h */ = {isa = PBXFileReference; fileEncoding = 4; lastKnownFileType = sourcecode.c.h; path = TSConfig.h; sourceTree = "<group>"; };
		526A9C841A95014F0074F684 /* TSCore.h */ = {isa = PBXFileReference; fileEncoding = 4; lastKnownFileType = sourcecode.c.h; path = TSCore.h; sourceTree = "<group>"; };
		526A9C851A95014F0074F684 /* TSCoreListener.h */ = {isa = PBXFileReference; fileEncoding = 4; lastKnownFileType = sourcecode.c.h; path = TSCoreListener.h; sourceTree = "<group>"; };
		526A9C861A95014F0074F684 /* TSCoreListenerImpl.h */ = {isa = PBXFileReference; fileEncoding = 4; lastKnownFileType = sourcecode.c.h; path = TSCoreListenerImpl.h; sourceTree = "<group>"; };
		526A9C871A95014F0074F684 /* TSDelegate.h */ = {isa = PBXFileReference; fileEncoding = 4; lastKnownFileType = sourcecode.c.h; path = TSDelegate.h; sourceTree = "<group>"; };
		526A9C881A95014F0074F684 /* TSEvent.h */ = {isa = PBXFileReference; fileEncoding = 4; lastKnownFileType = sourcecode.c.h; path = TSEvent.h; sourceTree = "<group>"; };
		526A9C891A95014F0074F684 /* TSHelpers.h */ = {isa = PBXFileReference; fileEncoding = 4; lastKnownFileType = sourcecode.c.h; path = TSHelpers.h; sourceTree = "<group>"; };
		526A9C8A1A95014F0074F684 /* TSHit.h */ = {isa = PBXFileReference; fileEncoding = 4; lastKnownFileType = sourcecode.c.h; path = TSHit.h; sourceTree = "<group>"; };
		526A9C8B1A95014F0074F684 /* TSLogging.h */ = {isa = PBXFileReference; fileEncoding = 4; lastKnownFileType = sourcecode.c.h; path = TSLogging.h; sourceTree = "<group>"; };
		526A9C8C1A95014F0074F684 /* TSLogLevel.h */ = {isa = PBXFileReference; fileEncoding = 4; lastKnownFileType = sourcecode.c.h; path = TSLogLevel.h; sourceTree = "<group>"; };
		526A9C8D1A95014F0074F684 /* TSPlatform.h */ = {isa = PBXFileReference; fileEncoding = 4; lastKnownFileType = sourcecode.c.h; path = TSPlatform.h; sourceTree = "<group>"; };
		526A9C8E1A95014F0074F684 /* TSPlatformImpl.h */ = {isa = PBXFileReference; fileEncoding = 4; lastKnownFileType = sourcecode.c.h; path = TSPlatformImpl.h; sourceTree = "<group>"; };
		526A9C8F1A95014F0074F684 /* TSResponse.h */ = {isa = PBXFileReference; fileEncoding = 4; lastKnownFileType = sourcecode.c.h; path = TSResponse.h; sourceTree = "<group>"; };
		526A9C901A95014F0074F684 /* TSTapstream.h */ = {isa = PBXFileReference; fileEncoding = 4; lastKnownFileType = sourcecode.c.h; path = TSTapstream.h; sourceTree = "<group>"; };
		526A9C911A95014F0074F684 /* TSUtils.h */ = {isa = PBXFileReference; fileEncoding = 4; lastKnownFileType = sourcecode.c.h; path = TSUtils.h; sourceTree = "<group>"; };
		526A9C921A95014F0074F684 /* TSWordOfMouthDelegate.h */ = {isa = PBXFileReference; fileEncoding = 4; lastKnownFileType = sourcecode.c.h; path = TSWordOfMouthDelegate.h; sourceTree = "<group>"; };
		526A9C931A95014F0074F684 /* UIColor+MPColor.h */ = {isa = PBXFileReference; fileEncoding = 4; lastKnownFileType = sourcecode.c.h; path = "UIColor+MPColor.h"; sourceTree = "<group>"; };
		526A9C941A95014F0074F684 /* UIImage+MPAverageColor.h */ = {isa = PBXFileReference; fileEncoding = 4; lastKnownFileType = sourcecode.c.h; path = "UIImage+MPAverageColor.h"; sourceTree = "<group>"; };
		526A9C951A95014F0074F684 /* UIImage+MPImageEffects.h */ = {isa = PBXFileReference; fileEncoding = 4; lastKnownFileType = sourcecode.c.h; path = "UIImage+MPImageEffects.h"; sourceTree = "<group>"; };
		526A9C961A95014F0074F684 /* UIView+MPSnapshotImage.h */ = {isa = PBXFileReference; fileEncoding = 4; lastKnownFileType = sourcecode.c.h; path = "UIView+MPSnapshotImage.h"; sourceTree = "<group>"; };
		526A9C991A95016B0074F684 /* Analytics */ = {isa = PBXFileReference; lastKnownFileType = archive.ar; name = Analytics; path = Analytics.framework/Versions/A/Analytics; sourceTree = "<group>"; };
		B31B6D4E15C13D5200854074 /* libForgeModule.a */ = {isa = PBXFileReference; explicitFileType = archive.ar; includeInIndex = 0; path = libForgeModule.a; sourceTree = BUILT_PRODUCTS_DIR; };
		B31B6D5115C13D5200854074 /* Foundation.framework */ = {isa = PBXFileReference; lastKnownFileType = wrapper.framework; name = Foundation.framework; path = System/Library/Frameworks/Foundation.framework; sourceTree = SDKROOT; };
		B31B6D6D15C1467100854074 /* segmentio.bundle */ = {isa = PBXFileReference; explicitFileType = wrapper.cfbundle; includeInIndex = 0; path = segmentio.bundle; sourceTree = BUILT_PRODUCTS_DIR; };
		B31B6D6E15C1467100854074 /* CoreFoundation.framework */ = {isa = PBXFileReference; lastKnownFileType = wrapper.framework; name = CoreFoundation.framework; path = System/Library/Frameworks/CoreFoundation.framework; sourceTree = SDKROOT; };
		B37C3A5C162717A200B50A60 /* ForgeCore.framework */ = {isa = PBXFileReference; lastKnownFileType = wrapper.framework; name = ForgeCore.framework; path = ../ForgeCore.framework; sourceTree = "<group>"; };
		B3CC61EF1716ECB500A1A8EF /* segmentio_API.h */ = {isa = PBXFileReference; fileEncoding = 4; lastKnownFileType = sourcecode.c.h; path = segmentio_API.h; sourceTree = "<group>"; };
		B3CC61F01716ECB500A1A8EF /* segmentio_API.m */ = {isa = PBXFileReference; fileEncoding = 4; lastKnownFileType = sourcecode.c.objc; path = segmentio_API.m; sourceTree = "<group>"; };
		B3CC61F11716ECB500A1A8EF /* segmentio_EventListener.h */ = {isa = PBXFileReference; fileEncoding = 4; lastKnownFileType = sourcecode.c.h; path = segmentio_EventListener.h; sourceTree = "<group>"; };
		B3CC61F31716ECBB00A1A8EF /* segmentio_EventListener.m */ = {isa = PBXFileReference; fileEncoding = 4; lastKnownFileType = sourcecode.c.objc; path = segmentio_EventListener.m; sourceTree = "<group>"; };
		B3FC51F715C151E5003574D9 /* UIKit.framework */ = {isa = PBXFileReference; lastKnownFileType = wrapper.framework; name = UIKit.framework; path = System/Library/Frameworks/UIKit.framework; sourceTree = SDKROOT; };
		B3FC51FE15C1523D003574D9 /* CoreGraphics.framework */ = {isa = PBXFileReference; lastKnownFileType = wrapper.framework; name = CoreGraphics.framework; path = System/Library/Frameworks/CoreGraphics.framework; sourceTree = SDKROOT; };
		B3FC524115C177EA003574D9 /* AssetsLibrary.framework */ = {isa = PBXFileReference; lastKnownFileType = wrapper.framework; name = AssetsLibrary.framework; path = System/Library/Frameworks/AssetsLibrary.framework; sourceTree = SDKROOT; };
		B3FC524715C17B2C003574D9 /* SystemConfiguration.framework */ = {isa = PBXFileReference; lastKnownFileType = wrapper.framework; name = SystemConfiguration.framework; path = System/Library/Frameworks/SystemConfiguration.framework; sourceTree = SDKROOT; };
/* End PBXFileReference section */

/* Begin PBXFrameworksBuildPhase section */
		B31B6D4B15C13D5200854074 /* Frameworks */ = {
			isa = PBXFrameworksBuildPhase;
			buildActionMask = 2147483647;
			files = (
				B3FC524815C17B2C003574D9 /* SystemConfiguration.framework in Frameworks */,
				B3FC524215C177EA003574D9 /* AssetsLibrary.framework in Frameworks */,
				B3FC51FF15C1523D003574D9 /* CoreGraphics.framework in Frameworks */,
				522159021A950222008E539B /* Analytics in Frameworks */,
				B3FC51F815C151E5003574D9 /* UIKit.framework in Frameworks */,
				B31B6D5215C13D5200854074 /* Foundation.framework in Frameworks */,
				B37C3A5D162717A200B50A60 /* ForgeCore.framework in Frameworks */,
			);
			runOnlyForDeploymentPostprocessing = 0;
		};
		B31B6D6A15C1467100854074 /* Frameworks */ = {
			isa = PBXFrameworksBuildPhase;
			buildActionMask = 2147483647;
			files = (
				B31B6D6F15C1467100854074 /* CoreFoundation.framework in Frameworks */,
			);
			runOnlyForDeploymentPostprocessing = 0;
		};
/* End PBXFrameworksBuildPhase section */

/* Begin PBXGroup section */
		526A9C081A95014F0074F684 /* Headers */ = {
			isa = PBXGroup;
			children = (
				526A9C091A95014F0074F684 /* _MPTweakBindObserver.h */,
				526A9C0A1A95014F0074F684 /* AMPARCMacros.h */,
				526A9C0B1A95014F0074F684 /* AMPConstants.h */,
				526A9C0C1A95014F0074F684 /* AMPDeviceInfo.h */,
				526A9C0D1A95014F0074F684 /* Amplitude.h */,
				526A9C0E1A95014F0074F684 /* AmplitudeARCMacros.h */,
				526A9C0F1A95014F0074F684 /* AmplitudeLocationManagerDelegate.h */,
				526A9C101A95014F0074F684 /* AMPLocationManagerDelegate.h */,
				526A9C111A95014F0074F684 /* Analytics.h */,
				526A9C121A95014F0074F684 /* AppsFlyerTracker.h */,
				526A9C131A95014F0074F684 /* Bugsnag.h */,
				526A9C141A95014F0074F684 /* BugsnagConfiguration.h */,
				526A9C151A95014F0074F684 /* BugsnagCrashReport.h */,
				526A9C161A95014F0074F684 /* BugsnagDictionary.h */,
				526A9C171A95014F0074F684 /* BugsnagEvent.h */,
				526A9C181A95014F0074F684 /* BugsnagIosNotifier.h */,
				526A9C191A95014F0074F684 /* BugsnagLogger.h */,
				526A9C1A1A95014F0074F684 /* BugsnagMetaData.h */,
				526A9C1B1A95014F0074F684 /* BugsnagNotifier.h */,
				526A9C1C1A95014F0074F684 /* BugsnagOSXNotifier.h */,
				526A9C1D1A95014F0074F684 /* BugsnagReachability.h */,
				526A9C1E1A95014F0074F684 /* BugsnagSink.h */,
				526A9C1F1A95014F0074F684 /* Countly.h */,
				526A9C201A95014F0074F684 /* Countly_OpenUDID.h */,
				526A9C211A95014F0074F684 /* CRFilter.h */,
				526A9C221A95014F0074F684 /* Crittercism.h */,
				526A9C231A95014F0074F684 /* CrittercismDelegate.h */,
				526A9C241A95014F0074F684 /* Flurry.h */,
				526A9C251A95014F0074F684 /* GAI.h */,
				526A9C261A95014F0074F684 /* GAIDictionaryBuilder.h */,
				526A9C271A95014F0074F684 /* GAIEcommerceFields.h */,
				526A9C281A95014F0074F684 /* GAIEcommerceProduct.h */,
				526A9C291A95014F0074F684 /* GAIEcommerceProductAction.h */,
				526A9C2A1A95014F0074F684 /* GAIEcommercePromotion.h */,
				526A9C2B1A95014F0074F684 /* GAIFields.h */,
				526A9C2C1A95014F0074F684 /* GAILogger.h */,
				526A9C2D1A95014F0074F684 /* GAITrackedViewController.h */,
				526A9C2E1A95014F0074F684 /* GAITracker.h */,
				526A9C2F1A95014F0074F684 /* KahunaAnalytics.h */,
				526A9C301A95014F0074F684 /* Localytics.h */,
				526A9C311A95014F0074F684 /* LocalyticsAmpSession.h */,
				526A9C321A95014F0074F684 /* LocalyticsSession.h */,
				526A9C331A95014F0074F684 /* Mixpanel.h */,
				526A9C341A95014F0074F684 /* MPAbstractABTestDesignerMessage.h */,
				526A9C351A95014F0074F684 /* MPABTestDesignerChangeRequestMessage.h */,
				526A9C361A95014F0074F684 /* MPABTestDesignerChangeResponseMessage.h */,
				526A9C371A95014F0074F684 /* MPABTestDesignerClearRequestMessage.h */,
				526A9C381A95014F0074F684 /* MPABTestDesignerClearResponseMessage.h */,
				526A9C391A95014F0074F684 /* MPABTestDesignerConnection.h */,
				526A9C3A1A95014F0074F684 /* MPABTestDesignerDeviceInfoRequestMessage.h */,
				526A9C3B1A95014F0074F684 /* MPABTestDesignerDeviceInfoResponseMessage.h */,
				526A9C3C1A95014F0074F684 /* MPABTestDesignerDisconnectMessage.h */,
				526A9C3D1A95014F0074F684 /* MPABTestDesignerMessage.h */,
				526A9C3E1A95014F0074F684 /* MPABTestDesignerSnapshotRequestMessage.h */,
				526A9C3F1A95014F0074F684 /* MPABTestDesignerSnapshotResponseMessage.h */,
				526A9C401A95014F0074F684 /* MPABTestDesignerTweakRequestMessage.h */,
				526A9C411A95014F0074F684 /* MPABTestDesignerTweakResponseMessage.h */,
				526A9C421A95014F0074F684 /* MPApplicationStateSerializer.h */,
				526A9C431A95014F0074F684 /* MPCategoryHelpers.h */,
				526A9C441A95014F0074F684 /* MPClassDescription.h */,
				526A9C451A95014F0074F684 /* MPDesignerEventBindingMessage.h */,
				526A9C461A95014F0074F684 /* MPDesignerSessionCollection.h */,
				526A9C471A95014F0074F684 /* MPEnumDescription.h */,
				526A9C481A95014F0074F684 /* MPEventBinding.h */,
				526A9C491A95014F0074F684 /* MPLogging.h */,
				526A9C4A1A95014F0074F684 /* MPNotification.h */,
				526A9C4B1A95014F0074F684 /* MPNotificationViewController.h */,
				526A9C4C1A95014F0074F684 /* MPObjectIdentifierProvider.h */,
				526A9C4D1A95014F0074F684 /* MPObjectIdentityProvider.h */,
				526A9C4E1A95014F0074F684 /* MPObjectSelector.h */,
				526A9C4F1A95014F0074F684 /* MPObjectSerializer.h */,
				526A9C501A95014F0074F684 /* MPObjectSerializerConfig.h */,
				526A9C511A95014F0074F684 /* MPObjectSerializerContext.h */,
				526A9C521A95014F0074F684 /* MPPropertyDescription.h */,
				526A9C531A95014F0074F684 /* MPSequenceGenerator.h */,
				526A9C541A95014F0074F684 /* MPSurvey.h */,
				526A9C551A95014F0074F684 /* MPSurveyNavigationController.h */,
				526A9C561A95014F0074F684 /* MPSurveyQuestion.h */,
				526A9C571A95014F0074F684 /* MPSurveyQuestionViewController.h */,
				526A9C581A95014F0074F684 /* MPSwizzler.h */,
				526A9C591A95014F0074F684 /* MPTweak.h */,
				526A9C5A1A95014F0074F684 /* MPTweakInline.h */,
				526A9C5B1A95014F0074F684 /* MPTweakInlineInternal.h */,
				526A9C5C1A95014F0074F684 /* MPTweakStore.h */,
				526A9C5D1A95014F0074F684 /* MPTypeDescription.h */,
				526A9C5E1A95014F0074F684 /* MPUIControlBinding.h */,
				526A9C5F1A95014F0074F684 /* MPUITableViewBinding.h */,
				526A9C601A95014F0074F684 /* MPValueTransformers.h */,
				526A9C611A95014F0074F684 /* MPVariant.h */,
				526A9C621A95014F0074F684 /* MPWebSocket.h */,
				526A9C631A95014F0074F684 /* NSData+MPBase64.h */,
				526A9C641A95014F0074F684 /* NSInvocation+MPHelpers.h */,
				526A9C651A95014F0074F684 /* Optimizely.h */,
				526A9C661A95014F0074F684 /* OptimizelyCodeBlocksKey.h */,
				526A9C671A95014F0074F684 /* OptimizelyVariableKey.h */,
				526A9C681A95014F0074F684 /* QuantcastDatabase.h */,
				526A9C691A95014F0074F684 /* QuantcastDataManager.h */,
				526A9C6A1A95014F0074F684 /* QuantcastEvent.h */,
				526A9C6B1A95014F0074F684 /* QuantcastEventLogger.h */,
				526A9C6C1A95014F0074F684 /* QuantcastMeasurement+Internal.h */,
				526A9C6D1A95014F0074F684 /* QuantcastMeasurement.h */,
				526A9C6E1A95014F0074F684 /* QuantcastNetworkReachability.h */,
				526A9C6F1A95014F0074F684 /* QuantcastOptOutDelegate.h */,
				526A9C701A95014F0074F684 /* QuantcastOptOutViewController.h */,
				526A9C711A95014F0074F684 /* QuantcastParameters.h */,
				526A9C721A95014F0074F684 /* QuantcastPolicy.h */,
				526A9C731A95014F0074F684 /* QuantcastUploadManager.h */,
				526A9C741A95014F0074F684 /* QuantcastUtils.h */,
				526A9C751A95014F0074F684 /* SEGAnalytics.h */,
				526A9C761A95014F0074F684 /* TAGContainer.h */,
				526A9C771A95014F0074F684 /* TAGContainerOpener.h */,
				526A9C781A95014F0074F684 /* TAGDataLayer.h */,
				526A9C791A95014F0074F684 /* TAGLogger.h */,
				526A9C7A1A95014F0074F684 /* TAGManager.h */,
				526A9C7B1A95014F0074F684 /* Taplytics.h */,
				526A9C7C1A95014F0074F684 /* TaplyticsOptions.h */,
				526A9C7D1A95014F0074F684 /* TestFlight+AsyncLogging.h */,
				526A9C7E1A95014F0074F684 /* TestFlight+ManualSessions.h */,
				526A9C7F1A95014F0074F684 /* TestFlight.h */,
				526A9C801A95014F0074F684 /* TSApi.h */,
				526A9C811A95014F0074F684 /* TSAppEventSource.h */,
				526A9C821A95014F0074F684 /* TSAppEventSourceImpl.h */,
				526A9C831A95014F0074F684 /* TSConfig.h */,
				526A9C841A95014F0074F684 /* TSCore.h */,
				526A9C851A95014F0074F684 /* TSCoreListener.h */,
				526A9C861A95014F0074F684 /* TSCoreListenerImpl.h */,
				526A9C871A95014F0074F684 /* TSDelegate.h */,
				526A9C881A95014F0074F684 /* TSEvent.h */,
				526A9C891A95014F0074F684 /* TSHelpers.h */,
				526A9C8A1A95014F0074F684 /* TSHit.h */,
				526A9C8B1A95014F0074F684 /* TSLogging.h */,
				526A9C8C1A95014F0074F684 /* TSLogLevel.h */,
				526A9C8D1A95014F0074F684 /* TSPlatform.h */,
				526A9C8E1A95014F0074F684 /* TSPlatformImpl.h */,
				526A9C8F1A95014F0074F684 /* TSResponse.h */,
				526A9C901A95014F0074F684 /* TSTapstream.h */,
				526A9C911A95014F0074F684 /* TSUtils.h */,
				526A9C921A95014F0074F684 /* TSWordOfMouthDelegate.h */,
				526A9C931A95014F0074F684 /* UIColor+MPColor.h */,
				526A9C941A95014F0074F684 /* UIImage+MPAverageColor.h */,
				526A9C951A95014F0074F684 /* UIImage+MPImageEffects.h */,
				526A9C961A95014F0074F684 /* UIView+MPSnapshotImage.h */,
			);
			name = Headers;
			path = Analytics.framework/Versions/A/Headers;
			sourceTree = "<group>";
		};
		718C25A719B73FD300B19A36 /* Analytics.framework */ = {
			isa = PBXGroup;
			children = (
				526A9C991A95016B0074F684 /* Analytics */,
				526A9C081A95014F0074F684 /* Headers */,
			);
			name = Analytics.framework;
			sourceTree = "<group>";
		};
		B31B6D4315C13D5200854074 = {
			isa = PBXGroup;
			children = (
				718C25A719B73FD300B19A36 /* Analytics.framework */,
				B3CC61EF1716ECB500A1A8EF /* segmentio_API.h */,
				B3CC61F01716ECB500A1A8EF /* segmentio_API.m */,
				B3CC61F11716ECB500A1A8EF /* segmentio_EventListener.h */,
				B3CC61F31716ECBB00A1A8EF /* segmentio_EventListener.m */,
				B31B6D5015C13D5200854074 /* Frameworks */,
				B31B6D4F15C13D5200854074 /* Products */,
			);
			sourceTree = "<group>";
		};
		B31B6D4F15C13D5200854074 /* Products */ = {
			isa = PBXGroup;
			children = (
				B31B6D4E15C13D5200854074 /* libForgeModule.a */,
				B31B6D6D15C1467100854074 /* segmentio.bundle */,
			);
			name = Products;
			sourceTree = "<group>";
		};
		B31B6D5015C13D5200854074 /* Frameworks */ = {
			isa = PBXGroup;
			children = (
				B37C3A5C162717A200B50A60 /* ForgeCore.framework */,
				B3FC524715C17B2C003574D9 /* SystemConfiguration.framework */,
				B3FC524115C177EA003574D9 /* AssetsLibrary.framework */,
				B3FC51FE15C1523D003574D9 /* CoreGraphics.framework */,
				B3FC51F715C151E5003574D9 /* UIKit.framework */,
				B31B6D5115C13D5200854074 /* Foundation.framework */,
				B31B6D6E15C1467100854074 /* CoreFoundation.framework */,
			);
			name = Frameworks;
			sourceTree = "<group>";
		};
/* End PBXGroup section */

/* Begin PBXNativeTarget section */
		B31B6D4D15C13D5200854074 /* ForgeModule */ = {
			isa = PBXNativeTarget;
			buildConfigurationList = B31B6D5C15C13D5200854074 /* Build configuration list for PBXNativeTarget "ForgeModule" */;
			buildPhases = (
				B31B6D4A15C13D5200854074 /* Sources */,
				B31B6D4B15C13D5200854074 /* Frameworks */,
			);
			buildRules = (
			);
			dependencies = (
			);
			name = ForgeModule;
			productName = ForgeCore;
			productReference = B31B6D4E15C13D5200854074 /* libForgeModule.a */;
			productType = "com.apple.product-type.library.static";
		};
		B31B6D6C15C1467100854074 /* ForgeModuleResources */ = {
			isa = PBXNativeTarget;
			buildConfigurationList = B31B6D7715C1467100854074 /* Build configuration list for PBXNativeTarget "ForgeModuleResources" */;
			buildPhases = (
				B31B6D6915C1467100854074 /* Sources */,
				B31B6D6A15C1467100854074 /* Frameworks */,
				B31B6D6B15C1467100854074 /* Resources */,
			);
			buildRules = (
			);
			dependencies = (
			);
			name = ForgeModuleResources;
			productName = ForgeCoreResources;
			productReference = B31B6D6D15C1467100854074 /* segmentio.bundle */;
			productType = "com.apple.product-type.bundle";
		};
/* End PBXNativeTarget section */

/* Begin PBXProject section */
		B31B6D4515C13D5200854074 /* Project object */ = {
			isa = PBXProject;
			attributes = {
				LastUpgradeCheck = 0600;
				ORGANIZATIONNAME = "Trigger Corp";
			};
			buildConfigurationList = B31B6D4815C13D5200854074 /* Build configuration list for PBXProject "ForgeModule" */;
			compatibilityVersion = "Xcode 3.2";
			developmentRegion = English;
			hasScannedForEncodings = 0;
			knownRegions = (
				en,
			);
			mainGroup = B31B6D4315C13D5200854074;
			productRefGroup = B31B6D4F15C13D5200854074 /* Products */;
			projectDirPath = "";
			projectRoot = "";
			targets = (
				B31B6D4D15C13D5200854074 /* ForgeModule */,
				B31B6D6C15C1467100854074 /* ForgeModuleResources */,
			);
		};
/* End PBXProject section */

/* Begin PBXResourcesBuildPhase section */
		B31B6D6B15C1467100854074 /* Resources */ = {
			isa = PBXResourcesBuildPhase;
			buildActionMask = 2147483647;
			files = (
			);
			runOnlyForDeploymentPostprocessing = 0;
		};
/* End PBXResourcesBuildPhase section */

/* Begin PBXSourcesBuildPhase section */
		B31B6D4A15C13D5200854074 /* Sources */ = {
			isa = PBXSourcesBuildPhase;
			buildActionMask = 2147483647;
			files = (
				B3CC61F21716ECB500A1A8EF /* segmentio_API.m in Sources */,
				B3CC61F41716ECBB00A1A8EF /* segmentio_EventListener.m in Sources */,
			);
			runOnlyForDeploymentPostprocessing = 0;
		};
		B31B6D6915C1467100854074 /* Sources */ = {
			isa = PBXSourcesBuildPhase;
			buildActionMask = 2147483647;
			files = (
			);
			runOnlyForDeploymentPostprocessing = 0;
		};
/* End PBXSourcesBuildPhase section */

/* Begin XCBuildConfiguration section */
		B31B6D5A15C13D5200854074 /* Debug */ = {
			isa = XCBuildConfiguration;
			buildSettings = {
				ALWAYS_SEARCH_USER_PATHS = YES;
				CLANG_CXX_LANGUAGE_STANDARD = "gnu++0x";
				CLANG_ENABLE_OBJC_ARC = YES;
				CLANG_WARN_BOOL_CONVERSION = YES;
				CLANG_WARN_CONSTANT_CONVERSION = YES;
				CLANG_WARN_EMPTY_BODY = YES;
				CLANG_WARN_ENUM_CONVERSION = YES;
				CLANG_WARN_INT_CONVERSION = YES;
				CLANG_WARN_UNREACHABLE_CODE = YES;
				CLANG_WARN__DUPLICATE_METHOD_MATCH = YES;
				COPY_PHASE_STRIP = NO;
				ENABLE_STRICT_OBJC_MSGSEND = YES;
				GCC_C_LANGUAGE_STANDARD = gnu99;
				GCC_DYNAMIC_NO_PIC = NO;
				GCC_OPTIMIZATION_LEVEL = 0;
				GCC_PREPROCESSOR_DEFINITIONS = (
					"DEBUG=1",
					"$(inherited)",
				);
				GCC_SYMBOLS_PRIVATE_EXTERN = NO;
				GCC_VERSION = com.apple.compilers.llvm.clang.1_0;
				GCC_WARN_64_TO_32_BIT_CONVERSION = YES;
				GCC_WARN_ABOUT_RETURN_TYPE = YES;
				GCC_WARN_UNDECLARED_SELECTOR = YES;
				GCC_WARN_UNINITIALIZED_AUTOS = YES;
				GCC_WARN_UNUSED_FUNCTION = YES;
				GCC_WARN_UNUSED_VARIABLE = YES;
				IPHONEOS_DEPLOYMENT_TARGET = 6.0;
				ONLY_ACTIVE_ARCH = YES;
				SDKROOT = iphoneos;
				VALID_ARCHS = "armv7 armv7s arm64 i386 x86_64";
			};
			name = Debug;
		};
		B31B6D5B15C13D5200854074 /* Release */ = {
			isa = XCBuildConfiguration;
			buildSettings = {
				ALWAYS_SEARCH_USER_PATHS = YES;
				CLANG_CXX_LANGUAGE_STANDARD = "gnu++0x";
				CLANG_ENABLE_OBJC_ARC = YES;
				CLANG_WARN_BOOL_CONVERSION = YES;
				CLANG_WARN_CONSTANT_CONVERSION = YES;
				CLANG_WARN_EMPTY_BODY = YES;
				CLANG_WARN_ENUM_CONVERSION = YES;
				CLANG_WARN_INT_CONVERSION = YES;
				CLANG_WARN_UNREACHABLE_CODE = YES;
				CLANG_WARN__DUPLICATE_METHOD_MATCH = YES;
				COPY_PHASE_STRIP = YES;
				ENABLE_STRICT_OBJC_MSGSEND = YES;
				GCC_C_LANGUAGE_STANDARD = gnu99;
				GCC_VERSION = com.apple.compilers.llvm.clang.1_0;
				GCC_WARN_64_TO_32_BIT_CONVERSION = YES;
				GCC_WARN_ABOUT_RETURN_TYPE = YES;
				GCC_WARN_UNDECLARED_SELECTOR = YES;
				GCC_WARN_UNINITIALIZED_AUTOS = YES;
				GCC_WARN_UNUSED_FUNCTION = YES;
				GCC_WARN_UNUSED_VARIABLE = YES;
				IPHONEOS_DEPLOYMENT_TARGET = 6.0;
				SDKROOT = iphoneos;
				VALIDATE_PRODUCT = YES;
				VALID_ARCHS = "armv7 armv7s arm64 i386 x86_64";
			};
			name = Release;
		};
		B31B6D5D15C13D5200854074 /* Debug */ = {
			isa = XCBuildConfiguration;
			buildSettings = {
				COPY_PHASE_STRIP = NO;
				DEAD_CODE_STRIPPING = NO;
				FRAMEWORK_SEARCH_PATHS = (
					"$(inherited)",
					"\"$(SRCROOT)\"",
					"\"$(SRCROOT)/..\"",
				);
				GCC_PRECOMPILE_PREFIX_HEADER = YES;
				GCC_PREFIX_HEADER = "ForgeModule-Prefix.pch";
				HEADER_SEARCH_PATHS = "./**";
				LIBRARY_SEARCH_PATHS = (
					"$(inherited)",
					"$(PROJECT_DIR)/Analytics.framework/Versions/A",
				);
				OTHER_LDFLAGS = "-ObjC";
				PRODUCT_NAME = "$(TARGET_NAME)";
				SDKROOT = iphoneos;
				SKIP_INSTALL = YES;
				STRIP_STYLE = "non-global";
			};
			name = Debug;
		};
		B31B6D5E15C13D5200854074 /* Release */ = {
			isa = XCBuildConfiguration;
			buildSettings = {
				COPY_PHASE_STRIP = NO;
				DEAD_CODE_STRIPPING = NO;
				FRAMEWORK_SEARCH_PATHS = (
					"$(inherited)",
					"\"$(SRCROOT)\"",
					"\"$(SRCROOT)/..\"",
				);
				GCC_PRECOMPILE_PREFIX_HEADER = YES;
				GCC_PREFIX_HEADER = "ForgeModule-Prefix.pch";
				HEADER_SEARCH_PATHS = "./**";
				LIBRARY_SEARCH_PATHS = (
					"$(inherited)",
					"$(PROJECT_DIR)/Analytics.framework/Versions/A",
				);
				OTHER_LDFLAGS = "-ObjC";
				PRODUCT_NAME = "$(TARGET_NAME)";
				SDKROOT = iphoneos;
				SKIP_INSTALL = YES;
				STRIP_STYLE = "non-global";
			};
			name = Release;
		};
		B31B6D7815C1467100854074 /* Debug */ = {
			isa = XCBuildConfiguration;
			buildSettings = {
				FRAMEWORK_SEARCH_PATHS = (
					"$(inherited)",
					"\"$(SRCROOT)\"",
				);
				GCC_ENABLE_OBJC_EXCEPTIONS = YES;
				GCC_PRECOMPILE_PREFIX_HEADER = YES;
				GCC_PREFIX_HEADER = "";
				GCC_WARN_64_TO_32_BIT_CONVERSION = YES;
				INFOPLIST_FILE = "";
				INSTALL_PATH = "$(LOCAL_LIBRARY_DIR)/Bundles";
				LIBRARY_SEARCH_PATHS = (
					"$(inherited)",
					"$(PROJECT_DIR)/Analytics.framework/Versions/A",
				);
				MACOSX_DEPLOYMENT_TARGET = 10.7;
				ONLY_ACTIVE_ARCH = NO;
				PRODUCT_NAME = segmentio;
				SDKROOT = iphoneos;
				WRAPPER_EXTENSION = bundle;
			};
			name = Debug;
		};
		B31B6D7915C1467100854074 /* Release */ = {
			isa = XCBuildConfiguration;
			buildSettings = {
				DEBUG_INFORMATION_FORMAT = "dwarf-with-dsym";
				FRAMEWORK_SEARCH_PATHS = (
					"$(inherited)",
					"\"$(SRCROOT)\"",
				);
				GCC_ENABLE_OBJC_EXCEPTIONS = YES;
				GCC_PRECOMPILE_PREFIX_HEADER = YES;
				GCC_PREFIX_HEADER = "";
				GCC_WARN_64_TO_32_BIT_CONVERSION = YES;
				INFOPLIST_FILE = "";
				INSTALL_PATH = "$(LOCAL_LIBRARY_DIR)/Bundles";
				LIBRARY_SEARCH_PATHS = (
					"$(inherited)",
					"$(PROJECT_DIR)/Analytics.framework/Versions/A",
				);
				MACOSX_DEPLOYMENT_TARGET = 10.7;
				ONLY_ACTIVE_ARCH = NO;
				PRODUCT_NAME = segmentio;
				SDKROOT = iphoneos;
				WRAPPER_EXTENSION = bundle;
			};
			name = Release;
		};
/* End XCBuildConfiguration section */

/* Begin XCConfigurationList section */
		B31B6D4815C13D5200854074 /* Build configuration list for PBXProject "ForgeModule" */ = {
			isa = XCConfigurationList;
			buildConfigurations = (
				B31B6D5A15C13D5200854074 /* Debug */,
				B31B6D5B15C13D5200854074 /* Release */,
			);
			defaultConfigurationIsVisible = 0;
			defaultConfigurationName = Release;
		};
		B31B6D5C15C13D5200854074 /* Build configuration list for PBXNativeTarget "ForgeModule" */ = {
			isa = XCConfigurationList;
			buildConfigurations = (
				B31B6D5D15C13D5200854074 /* Debug */,
				B31B6D5E15C13D5200854074 /* Release */,
			);
			defaultConfigurationIsVisible = 0;
			defaultConfigurationName = Release;
		};
		B31B6D7715C1467100854074 /* Build configuration list for PBXNativeTarget "ForgeModuleResources" */ = {
			isa = XCConfigurationList;
			buildConfigurations = (
				B31B6D7815C1467100854074 /* Debug */,
				B31B6D7915C1467100854074 /* Release */,
			);
			defaultConfigurationIsVisible = 0;
			defaultConfigurationName = Release;
		};
/* End XCConfigurationList section */
	};
	rootObject = B31B6D4515C13D5200854074 /* Project object */;
}
